
Microsoft Visual Studio Solution File, Format Version 12.00
# Visual Studio 14
VisualStudioVersion = 14.0.24720.0
MinimumVisualStudioVersion = 10.0.40219.1
Project("{2150E333-8FDC-42A3-9474-1A3956D46DE8}") = "Tests", "Tests", "{03C5DB8F-B126-4502-AD52-AC2EB14AF878}"
EndProject
Project("{FAE04EC0-301F-11D3-BF4B-00C04F79EFBC}") = "Client", "Client\Client.csproj", "{C9FF8EFF-AF61-496B-BED0-BF42D8EFDF7F}"
EndProject
Project("{FAE04EC0-301F-11D3-BF4B-00C04F79EFBC}") = "NetCore", "NetCore\NetCore.csproj", "{D880A785-D7E2-42C5-87C7-AF2743EC4DB7}"
EndProject
Project("{FAE04EC0-301F-11D3-BF4B-00C04F79EFBC}") = "Client", "Tests\Client\Client.csproj", "{1DC032FB-33F0-400B-A9D7-2EA8CFAF8A67}"
EndProject
Project("{FAE04EC0-301F-11D3-BF4B-00C04F79EFBC}") = "Server", "Tests\Server\Server.csproj", "{6E3CE175-77CE-401B-9A86-41B586ABFF47}"
EndProject
Project("{FAE04EC0-301F-11D3-BF4B-00C04F79EFBC}") = "Data", "Data\Data.csproj", "{0650AECC-9B75-4BC6-AEDF-45AD850C17A2}"
EndProject
Project("{FAE04EC0-301F-11D3-BF4B-00C04F79EFBC}") = "Server", "Server\Server.csproj", "{32AD0AC3-E0DC-4808-94E6-EACD048A592A}"
EndProject
Project("{FAE04EC0-301F-11D3-BF4B-00C04F79EFBC}") = "Shared", "Shared\Shared.csproj", "{FC932DEA-F86A-4392-A297-C5D2E8357622}"
EndProject
Global
	GlobalSection(SolutionConfigurationPlatforms) = preSolution
		Debug|Any CPU = Debug|Any CPU
		Release|Any CPU = Release|Any CPU
	EndGlobalSection
	GlobalSection(ProjectConfigurationPlatforms) = postSolution
		{C9FF8EFF-AF61-496B-BED0-BF42D8EFDF7F}.Debug|Any CPU.ActiveCfg = Debug|Any CPU
		{C9FF8EFF-AF61-496B-BED0-BF42D8EFDF7F}.Debug|Any CPU.Build.0 = Debug|Any CPU
		{C9FF8EFF-AF61-496B-BED0-BF42D8EFDF7F}.Release|Any CPU.ActiveCfg = Release|Any CPU
		{C9FF8EFF-AF61-496B-BED0-BF42D8EFDF7F}.Release|Any CPU.Build.0 = Release|Any CPU
		{D880A785-D7E2-42C5-87C7-AF2743EC4DB7}.Debug|Any CPU.ActiveCfg = Debug|Any CPU
		{D880A785-D7E2-42C5-87C7-AF2743EC4DB7}.Debug|Any CPU.Build.0 = Debug|Any CPU
		{D880A785-D7E2-42C5-87C7-AF2743EC4DB7}.Release|Any CPU.ActiveCfg = Release|Any CPU
		{D880A785-D7E2-42C5-87C7-AF2743EC4DB7}.Release|Any CPU.Build.0 = Release|Any CPU
		{1DC032FB-33F0-400B-A9D7-2EA8CFAF8A67}.Debug|Any CPU.ActiveCfg = Debug|Any CPU
		{1DC032FB-33F0-400B-A9D7-2EA8CFAF8A67}.Debug|Any CPU.Build.0 = Debug|Any CPU
		{1DC032FB-33F0-400B-A9D7-2EA8CFAF8A67}.Release|Any CPU.ActiveCfg = Release|Any CPU
		{1DC032FB-33F0-400B-A9D7-2EA8CFAF8A67}.Release|Any CPU.Build.0 = Release|Any CPU
		{6E3CE175-77CE-401B-9A86-41B586ABFF47}.Debug|Any CPU.ActiveCfg = Debug|Any CPU
		{6E3CE175-77CE-401B-9A86-41B586ABFF47}.Debug|Any CPU.Build.0 = Debug|Any CPU
		{6E3CE175-77CE-401B-9A86-41B586ABFF47}.Release|Any CPU.ActiveCfg = Release|Any CPU
		{6E3CE175-77CE-401B-9A86-41B586ABFF47}.Release|Any CPU.Build.0 = Release|Any CPU
		{0650AECC-9B75-4BC6-AEDF-45AD850C17A2}.Debug|Any CPU.ActiveCfg = Debug|Any CPU
		{0650AECC-9B75-4BC6-AEDF-45AD850C17A2}.Debug|Any CPU.Build.0 = Debug|Any CPU
		{0650AECC-9B75-4BC6-AEDF-45AD850C17A2}.Release|Any CPU.ActiveCfg = Release|Any CPU
		{0650AECC-9B75-4BC6-AEDF-45AD850C17A2}.Release|Any CPU.Build.0 = Release|Any CPU
		{32AD0AC3-E0DC-4808-94E6-EACD048A592A}.Debug|Any CPU.ActiveCfg = Debug|Any CPU
		{32AD0AC3-E0DC-4808-94E6-EACD048A592A}.Debug|Any CPU.Build.0 = Debug|Any CPU
		{32AD0AC3-E0DC-4808-94E6-EACD048A592A}.Release|Any CPU.ActiveCfg = Release|Any CPU
		{32AD0AC3-E0DC-4808-94E6-EACD048A592A}.Release|Any CPU.Build.0 = Release|Any CPU
		{FC932DEA-F86A-4392-A297-C5D2E8357622}.Debug|Any CPU.ActiveCfg = Debug|Any CPU
		{FC932DEA-F86A-4392-A297-C5D2E8357622}.Debug|Any CPU.Build.0 = Debug|Any CPU
		{FC932DEA-F86A-4392-A297-C5D2E8357622}.Release|Any CPU.ActiveCfg = Release|Any CPU
		{FC932DEA-F86A-4392-A297-C5D2E8357622}.Release|Any CPU.Build.0 = Release|Any CPU
	EndGlobalSection
	GlobalSection(SolutionProperties) = preSolution
		HideSolutionNode = FALSE
	EndGlobalSection
	GlobalSection(NestedProjects) = preSolution
		{1DC032FB-33F0-400B-A9D7-2EA8CFAF8A67} = {03C5DB8F-B126-4502-AD52-AC2EB14AF878}
		{6E3CE175-77CE-401B-9A86-41B586ABFF47} = {03C5DB8F-B126-4502-AD52-AC2EB14AF878}
	EndGlobalSection
EndGlobal
